
Microsoft Visual Studio Solution File, Format Version 12.00
# Visual Studio Version 16
VisualStudioVersion = 16.0.29201.188
MinimumVisualStudioVersion = 10.0.40219.1
Project("{FAE04EC0-301F-11D3-BF4B-00C04F79EFBC}") = "CalculadoraIVA", "CalculadoraIVA\CalculadoraIVA.csproj", "{CCA7F9E2-42D7-4265-A207-495773C7A489}"
EndProject
Global
	GlobalSection(SolutionConfigurationPlatforms) = preSolution
		Debug|Any CPU = Debug|Any CPU
		Release|Any CPU = Release|Any CPU
	EndGlobalSection
	GlobalSection(ProjectConfigurationPlatforms) = postSolution
		{CCA7F9E2-42D7-4265-A207-495773C7A489}.Debug|Any CPU.ActiveCfg = Debug|Any CPU
		{CCA7F9E2-42D7-4265-A207-495773C7A489}.Debug|Any CPU.Build.0 = Debug|Any CPU
		{CCA7F9E2-42D7-4265-A207-495773C7A489}.Debug|Any CPU.Deploy.0 = Debug|Any CPU
		{CCA7F9E2-42D7-4265-A207-495773C7A489}.Release|Any CPU.ActiveCfg = Release|Any CPU
		{CCA7F9E2-42D7-4265-A207-495773C7A489}.Release|Any CPU.Build.0 = Release|Any CPU
		{CCA7F9E2-42D7-4265-A207-495773C7A489}.Release|Any CPU.Deploy.0 = Release|Any CPU
	EndGlobalSection
	GlobalSection(SolutionProperties) = preSolution
		HideSolutionNode = FALSE
	EndGlobalSection
	GlobalSection(ExtensibilityGlobals) = postSolution
		SolutionGuid = {FEE61407-9195-4543-9760-A41E4E875CEB}
	EndGlobalSection
EndGlobal
